
Microsoft Visual Studio Solution File, Format Version 12.00
# Visual Studio Version 17
VisualStudioVersion = 17.4.33122.133
MinimumVisualStudioVersion = 10.0.40219.1
Project("{9A19103F-16F7-4668-BE54-9A1E7A4F7556}") = "Mandelbrot", "Mandelbrot.csproj", "{6C6CBCF9-6E1A-4406-91F4-F4BAECC43862}"
EndProject
Global
	GlobalSection(SolutionConfigurationPlatforms) = preSolution
		Debug|Any CPU = Debug|Any CPU
		Release|Any CPU = Release|Any CPU
	EndGlobalSection
	GlobalSection(ProjectConfigurationPlatforms) = postSolution
		{6C6CBCF9-6E1A-4406-91F4-F4BAECC43862}.Debug|Any CPU.ActiveCfg = Debug|Any CPU
		{6C6CBCF9-6E1A-4406-91F4-F4BAECC43862}.Debug|Any CPU.Build.0 = Debug|Any CPU
		{6C6CBCF9-6E1A-4406-91F4-F4BAECC43862}.Release|Any CPU.ActiveCfg = Release|Any CPU
		{6C6CBCF9-6E1A-4406-91F4-F4BAECC43862}.Release|Any CPU.Build.0 = Release|Any CPU
	EndGlobalSection
	GlobalSection(SolutionProperties) = preSolution
		HideSolutionNode = FALSE
	EndGlobalSection
	GlobalSection(ExtensibilityGlobals) = postSolution
		SolutionGuid = {768FCD35-3E4B-4BFB-BA6E-3CF182228517}
	EndGlobalSection
EndGlobal
